
Microsoft Visual Studio Solution File, Format Version 12.00
# Visual Studio 15
VisualStudioVersion = 15.0.27703.2035
MinimumVisualStudioVersion = 10.0.40219.1
Project("{FAE04EC0-301F-11D3-BF4B-00C04F79EFBC}") = "TemplateApp", "TemplateApp\TemplateApp.csproj", "{219F1B25-C9FA-45CD-9CB0-26A5915B3126}"
EndProject
Global
	GlobalSection(SolutionConfigurationPlatforms) = preSolution
		Debug|Any CPU = Debug|Any CPU
		Release|Any CPU = Release|Any CPU
	EndGlobalSection
	GlobalSection(ProjectConfigurationPlatforms) = postSolution
		{219F1B25-C9FA-45CD-9CB0-26A5915B3126}.Debug|Any CPU.ActiveCfg = Debug|Any CPU
		{219F1B25-C9FA-45CD-9CB0-26A5915B3126}.Debug|Any CPU.Build.0 = Debug|Any CPU
		{219F1B25-C9FA-45CD-9CB0-26A5915B3126}.Release|Any CPU.ActiveCfg = Release|Any CPU
		{219F1B25-C9FA-45CD-9CB0-26A5915B3126}.Release|Any CPU.Build.0 = Release|Any CPU
	EndGlobalSection
	GlobalSection(SolutionProperties) = preSolution
		HideSolutionNode = FALSE
	EndGlobalSection
	GlobalSection(ExtensibilityGlobals) = postSolution
		SolutionGuid = {B665A7C3-920E-4246-87DB-E7E316624A2B}
	EndGlobalSection
EndGlobal
